
Microsoft Visual Studio Solution File, Format Version 12.00
# Visual Studio Version 16
VisualStudioVersion = 16.0.31729.503
MinimumVisualStudioVersion = 10.0.40219.1
Project("{9A19103F-16F7-4668-BE54-9A1E7A4F7556}") = "PatriotsTeamAnalysis", "PatriotsTeamAnalysis\PatriotsTeamAnalysis.csproj", "{D88E52D1-1176-4EB3-91CD-B3E05047DCAC}"
EndProject
Global
	GlobalSection(SolutionConfigurationPlatforms) = preSolution
		Debug|Any CPU = Debug|Any CPU
		Release|Any CPU = Release|Any CPU
	EndGlobalSection
	GlobalSection(ProjectConfigurationPlatforms) = postSolution
		{D88E52D1-1176-4EB3-91CD-B3E05047DCAC}.Debug|Any CPU.ActiveCfg = Debug|Any CPU
		{D88E52D1-1176-4EB3-91CD-B3E05047DCAC}.Debug|Any CPU.Build.0 = Debug|Any CPU
		{D88E52D1-1176-4EB3-91CD-B3E05047DCAC}.Release|Any CPU.ActiveCfg = Release|Any CPU
		{D88E52D1-1176-4EB3-91CD-B3E05047DCAC}.Release|Any CPU.Build.0 = Release|Any CPU
	EndGlobalSection
	GlobalSection(SolutionProperties) = preSolution
		HideSolutionNode = FALSE
	EndGlobalSection
	GlobalSection(ExtensibilityGlobals) = postSolution
		SolutionGuid = {313487C7-3D82-47C5-801A-690B5A24728D}
	EndGlobalSection
EndGlobal
